
Microsoft Visual Studio Solution File, Format Version 12.00
# Visual Studio Version 17
VisualStudioVersion = 17.9.34728.123
MinimumVisualStudioVersion = 10.0.40219.1
Project("{8BC9CEB8-8B4A-11D0-8D11-00A0C91BC942}") = "AiV_VisionSW_JungHoGyun", "AiV_VisionSW_JungHoGyun\AiV_VisionSW_JungHoGyun.vcxproj", "{8B1EE383-ABF0-4BB8-8C25-99CDCB85094C}"
EndProject
Project("{8BC9CEB8-8B4A-11D0-8D11-00A0C91BC942}") = "Dll_OpenCV", "Dll_OpenCV\Dll_OpenCV.vcxproj", "{F1F3FC6A-481D-4F8B-B5AF-4E3E182355F3}"
EndProject
Project("{8BC9CEB8-8B4A-11D0-8D11-00A0C91BC942}") = "Dll_CustomBlur", "Dll_CustomBlur\Dll_CustomBlur.vcxproj", "{52430EA6-C183-49A2-98E7-C631B861D8C9}"
EndProject
Project("{8BC9CEB8-8B4A-11D0-8D11-00A0C91BC942}") = "Logging", "Logging\Logging.vcxproj", "{8EE5FDCB-919B-4AD9-A23A-E95586AD6B98}"
EndProject
Global
	GlobalSection(SolutionConfigurationPlatforms) = preSolution
		Debug|x64 = Debug|x64
		Debug|x86 = Debug|x86
		Release|x64 = Release|x64
		Release|x86 = Release|x86
	EndGlobalSection
	GlobalSection(ProjectConfigurationPlatforms) = postSolution
		{8B1EE383-ABF0-4BB8-8C25-99CDCB85094C}.Debug|x64.ActiveCfg = Debug|x64
		{8B1EE383-ABF0-4BB8-8C25-99CDCB85094C}.Debug|x64.Build.0 = Debug|x64
		{8B1EE383-ABF0-4BB8-8C25-99CDCB85094C}.Debug|x86.ActiveCfg = Debug|Win32
		{8B1EE383-ABF0-4BB8-8C25-99CDCB85094C}.Debug|x86.Build.0 = Debug|Win32
		{8B1EE383-ABF0-4BB8-8C25-99CDCB85094C}.Release|x64.ActiveCfg = Release|x64
		{8B1EE383-ABF0-4BB8-8C25-99CDCB85094C}.Release|x64.Build.0 = Release|x64
		{8B1EE383-ABF0-4BB8-8C25-99CDCB85094C}.Release|x86.ActiveCfg = Release|Win32
		{8B1EE383-ABF0-4BB8-8C25-99CDCB85094C}.Release|x86.Build.0 = Release|Win32
		{F1F3FC6A-481D-4F8B-B5AF-4E3E182355F3}.Debug|x64.ActiveCfg = Debug|x64
		{F1F3FC6A-481D-4F8B-B5AF-4E3E182355F3}.Debug|x64.Build.0 = Debug|x64
		{F1F3FC6A-481D-4F8B-B5AF-4E3E182355F3}.Debug|x86.ActiveCfg = Debug|Win32
		{F1F3FC6A-481D-4F8B-B5AF-4E3E182355F3}.Debug|x86.Build.0 = Debug|Win32
		{F1F3FC6A-481D-4F8B-B5AF-4E3E182355F3}.Release|x64.ActiveCfg = Release|x64
		{F1F3FC6A-481D-4F8B-B5AF-4E3E182355F3}.Release|x64.Build.0 = Release|x64
		{F1F3FC6A-481D-4F8B-B5AF-4E3E182355F3}.Release|x86.ActiveCfg = Release|Win32
		{F1F3FC6A-481D-4F8B-B5AF-4E3E182355F3}.Release|x86.Build.0 = Release|Win32
		{52430EA6-C183-49A2-98E7-C631B861D8C9}.Debug|x64.ActiveCfg = Debug|x64
		{52430EA6-C183-49A2-98E7-C631B861D8C9}.Debug|x64.Build.0 = Debug|x64
		{52430EA6-C183-49A2-98E7-C631B861D8C9}.Debug|x86.ActiveCfg = Debug|Win32
		{52430EA6-C183-49A2-98E7-C631B861D8C9}.Debug|x86.Build.0 = Debug|Win32
		{52430EA6-C183-49A2-98E7-C631B861D8C9}.Release|x64.ActiveCfg = Release|x64
		{52430EA6-C183-49A2-98E7-C631B861D8C9}.Release|x64.Build.0 = Release|x64
		{52430EA6-C183-49A2-98E7-C631B861D8C9}.Release|x86.ActiveCfg = Release|Win32
		{52430EA6-C183-49A2-98E7-C631B861D8C9}.Release|x86.Build.0 = Release|Win32
		{8EE5FDCB-919B-4AD9-A23A-E95586AD6B98}.Debug|x64.ActiveCfg = Debug|x64
		{8EE5FDCB-919B-4AD9-A23A-E95586AD6B98}.Debug|x64.Build.0 = Debug|x64
		{8EE5FDCB-919B-4AD9-A23A-E95586AD6B98}.Debug|x86.ActiveCfg = Debug|Win32
		{8EE5FDCB-919B-4AD9-A23A-E95586AD6B98}.Debug|x86.Build.0 = Debug|Win32
		{8EE5FDCB-919B-4AD9-A23A-E95586AD6B98}.Release|x64.ActiveCfg = Release|x64
		{8EE5FDCB-919B-4AD9-A23A-E95586AD6B98}.Release|x64.Build.0 = Release|x64
		{8EE5FDCB-919B-4AD9-A23A-E95586AD6B98}.Release|x86.ActiveCfg = Release|Win32
		{8EE5FDCB-919B-4AD9-A23A-E95586AD6B98}.Release|x86.Build.0 = Release|Win32
	EndGlobalSection
	GlobalSection(SolutionProperties) = preSolution
		HideSolutionNode = FALSE
	EndGlobalSection
	GlobalSection(ExtensibilityGlobals) = postSolution
		SolutionGuid = {A8298081-371C-4F2A-B374-3CAE9940EB32}
	EndGlobalSection
EndGlobal
